// !$*UTF8*$!
{
	archiveVersion = 1;
	classes = {
	};
	objectVersion = 46;
	objects = {

/* Begin PBXBuildFile section */
		40450C18436A6A47CD966A9F /* libPods-广医校园通.a in Frameworks */ = {isa = PBXBuildFile; fileRef = B6A4557D1AF768720981ED2E /* libPods-广医校园通.a */; };
		6F35AC3F1D004FF900E2D298 /* LoginViewController.m in Sources */ = {isa = PBXBuildFile; fileRef = 6F35AC3E1D004FF900E2D298 /* LoginViewController.m */; };
		6F5815401CFF178800967CD4 /* main.m in Sources */ = {isa = PBXBuildFile; fileRef = 6F58153F1CFF178800967CD4 /* main.m */; };
		6F5815431CFF178800967CD4 /* AppDelegate.m in Sources */ = {isa = PBXBuildFile; fileRef = 6F5815421CFF178800967CD4 /* AppDelegate.m */; };
		6F5815461CFF178800967CD4 /* ViewController.m in Sources */ = {isa = PBXBuildFile; fileRef = 6F5815451CFF178800967CD4 /* ViewController.m */; };
		6F5815491CFF178800967CD4 /* Main.storyboard in Resources */ = {isa = PBXBuildFile; fileRef = 6F5815471CFF178800967CD4 /* Main.storyboard */; };
		6F58154B1CFF178800967CD4 /* Assets.xcassets in Resources */ = {isa = PBXBuildFile; fileRef = 6F58154A1CFF178800967CD4 /* Assets.xcassets */; };
		6F58154E1CFF178800967CD4 /* LaunchScreen.storyboard in Resources */ = {isa = PBXBuildFile; fileRef = 6F58154C1CFF178800967CD4 /* LaunchScreen.storyboard */; };
		6F5815591CFF178800967CD4 /* _____Tests.m in Sources */ = {isa = PBXBuildFile; fileRef = 6F5815581CFF178800967CD4 /* _____Tests.m */; };
		6F5815641CFF178800967CD4 /* _____UITests.m in Sources */ = {isa = PBXBuildFile; fileRef = 6F5815631CFF178800967CD4 /* _____UITests.m */; };
		6F5815791CFF201800967CD4 /* SchoolViewController.m in Sources */ = {isa = PBXBuildFile; fileRef = 6F5815781CFF201800967CD4 /* SchoolViewController.m */; };
		6F58157F1CFF2CD900967CD4 /* LoginView.storyboard in Resources */ = {isa = PBXBuildFile; fileRef = 6F58157D1CFF2CD900967CD4 /* LoginView.storyboard */; };
		6F5815821CFF31DC00967CD4 /* MeViewController.m in Sources */ = {isa = PBXBuildFile; fileRef = 6F5815811CFF31DC00967CD4 /* MeViewController.m */; };
		6F955C311D34DFBB005BA196 /* NewsViewController.m in Sources */ = {isa = PBXBuildFile; fileRef = 6F955C301D34DFBB005BA196 /* NewsViewController.m */; };
		6F955C351D34E0C5005BA196 /* NewsInterface.storyboard in Resources */ = {isa = PBXBuildFile; fileRef = 6F955C341D34E0C5005BA196 /* NewsInterface.storyboard */; };
		6FA1EB4F1D339D560058243F /* CrossScrollCell.xib in Resources */ = {isa = PBXBuildFile; fileRef = 6FA1EB4E1D339D560058243F /* CrossScrollCell.xib */; };
		6FA1EB521D339DBA0058243F /* CrossScrollCell.m in Sources */ = {isa = PBXBuildFile; fileRef = 6FA1EB511D339DBA0058243F /* CrossScrollCell.m */; };
		6FA1EB571D34CFE70058243F /* AppleNewsViewController.m in Sources */ = {isa = PBXBuildFile; fileRef = 6FA1EB561D34CFE70058243F /* AppleNewsViewController.m */; };
		6FA239C81D366AAE001C292E /* iCarousel.m in Sources */ = {isa = PBXBuildFile; fileRef = 6FA239A31D366AAE001C292E /* iCarousel.m */; };
		6FA239C91D366AAE001C292E /* MBProgressHUD+LJ.m in Sources */ = {isa = PBXBuildFile; fileRef = 6FA239A61D366AAE001C292E /* MBProgressHUD+LJ.m */; };
		6FA239CA1D366AAE001C292E /* MBProgressHUD.bundle in Resources */ = {isa = PBXBuildFile; fileRef = 6FA239A71D366AAE001C292E /* MBProgressHUD.bundle */; };
		6FA239CB1D366AAE001C292E /* MBProgressHUD.m in Sources */ = {isa = PBXBuildFile; fileRef = 6FA239A91D366AAE001C292E /* MBProgressHUD.m */; };
		6FA239CC1D366AAE001C292E /* MJRefresh.bundle in Resources */ = {isa = PBXBuildFile; fileRef = 6FA239AB1D366AAE001C292E /* MJRefresh.bundle */; };
		6FA239CD1D366AAE001C292E /* MJRefreshBaseView.m in Sources */ = {isa = PBXBuildFile; fileRef = 6FA239AE1D366AAE001C292E /* MJRefreshBaseView.m */; };
		6FA239CE1D366AAE001C292E /* MJRefreshConst.m in Sources */ = {isa = PBXBuildFile; fileRef = 6FA239B01D366AAE001C292E /* MJRefreshConst.m */; };
		6FA239CF1D366AAE001C292E /* MJRefreshFooterView.m in Sources */ = {isa = PBXBuildFile; fileRef = 6FA239B21D366AAE001C292E /* MJRefreshFooterView.m */; };
		6FA239D01D366AAE001C292E /* MJRefreshHeaderView.m in Sources */ = {isa = PBXBuildFile; fileRef = 6FA239B41D366AAE001C292E /* MJRefreshHeaderView.m */; };
		6FA239D11D366AAE001C292E /* UIScrollView+MJExtension.m in Sources */ = {isa = PBXBuildFile; fileRef = 6FA239B61D366AAE001C292E /* UIScrollView+MJExtension.m */; };
		6FA239D21D366AAE001C292E /* UIScrollView+MJRefresh.m in Sources */ = {isa = PBXBuildFile; fileRef = 6FA239B81D366AAE001C292E /* UIScrollView+MJRefresh.m */; };
		6FA239D31D366AAE001C292E /* UIView+MJExtension.m in Sources */ = {isa = PBXBuildFile; fileRef = 6FA239BA1D366AAE001C292E /* UIView+MJExtension.m */; };
		6FA239D41D366AAE001C292E /* LJDeviceTool.m in Sources */ = {isa = PBXBuildFile; fileRef = 6FA239BE1D366AAE001C292E /* LJDeviceTool.m */; };
		6FA239D51D366AAE001C292E /* LJFileTool.m in Sources */ = {isa = PBXBuildFile; fileRef = 6FA239C01D366AAE001C292E /* LJFileTool.m */; };
		6FA239D71D366AAE001C292E /* LJTimeTool.m in Sources */ = {isa = PBXBuildFile; fileRef = 6FA239C41D366AAE001C292E /* LJTimeTool.m */; };
		6FA239D81D366AAE001C292E /* LJUITool.m in Sources */ = {isa = PBXBuildFile; fileRef = 6FA239C71D366AAE001C292E /* LJUITool.m */; };
		6FA239DB1D366CBD001C292E /* ClassScheduleViewController.m in Sources */ = {isa = PBXBuildFile; fileRef = 6FA239DA1D366CBD001C292E /* ClassScheduleViewController.m */; };
		6FA239DF1D366D79001C292E /* DayCourse.m in Sources */ = {isa = PBXBuildFile; fileRef = 6FA239DE1D366D79001C292E /* DayCourse.m */; };
		6FA239E11D366DC5001C292E /* courses.plist in Resources */ = {isa = PBXBuildFile; fileRef = 6FA239E01D366DC5001C292E /* courses.plist */; };
		6FA239EE1D366F40001C292E /* DayClassTableViewCell.m in Sources */ = {isa = PBXBuildFile; fileRef = 6FA239E41D366F40001C292E /* DayClassTableViewCell.m */; };
		6FA239EF1D366F40001C292E /* DayClassTableViewCell.xib in Resources */ = {isa = PBXBuildFile; fileRef = 6FA239E51D366F40001C292E /* DayClassTableViewCell.xib */; };
		6FA239F01D366F40001C292E /* NightClassTableViewCell.m in Sources */ = {isa = PBXBuildFile; fileRef = 6FA239E71D366F40001C292E /* NightClassTableViewCell.m */; };
		6FA239F11D366F40001C292E /* NightClassTableViewCell.xib in Resources */ = {isa = PBXBuildFile; fileRef = 6FA239E81D366F40001C292E /* NightClassTableViewCell.xib */; };
		6FA239F21D366F40001C292E /* OldClassTable.xib in Resources */ = {isa = PBXBuildFile; fileRef = 6FA239E91D366F40001C292E /* OldClassTable.xib */; };
		6FA239F31D366F40001C292E /* OldClassTableView.m in Sources */ = {isa = PBXBuildFile; fileRef = 6FA239EB1D366F40001C292E /* OldClassTableView.m */; };
		6FA239F41D366F40001C292E /* WeekViewLable.m in Sources */ = {isa = PBXBuildFile; fileRef = 6FA239ED1D366F40001C292E /* WeekViewLable.m */; };
		6FFD223A1D162383003B2419 /* RESideMenuControl.m in Sources */ = {isa = PBXBuildFile; fileRef = 6FFD22391D162383003B2419 /* RESideMenuControl.m */; };
		6FFD22401D162803003B2419 /* NewsCell.xib in Resources */ = {isa = PBXBuildFile; fileRef = 6FFD223F1D162803003B2419 /* NewsCell.xib */; };
		6FFD22431D16293A003B2419 /* NewsCell.m in Sources */ = {isa = PBXBuildFile; fileRef = 6FFD22421D16293A003B2419 /* NewsCell.m */; };
/* End PBXBuildFile section */

/* Begin PBXContainerItemProxy section */
		6F5815551CFF178800967CD4 /* PBXContainerItemProxy */ = {
			isa = PBXContainerItemProxy;
			containerPortal = 6F5815331CFF178700967CD4 /* Project object */;
			proxyType = 1;
			remoteGlobalIDString = 6F58153A1CFF178700967CD4;
			remoteInfo = "广医校园通";
		};
		6F5815601CFF178800967CD4 /* PBXContainerItemProxy */ = {
			isa = PBXContainerItemProxy;
			containerPortal = 6F5815331CFF178700967CD4 /* Project object */;
			proxyType = 1;
			remoteGlobalIDString = 6F58153A1CFF178700967CD4;
			remoteInfo = "广医校园通";
		};
/* End PBXContainerItemProxy section */

/* Begin PBXFileReference section */
		6F35AC3D1D004FF900E2D298 /* LoginViewController.h */ = {isa = PBXFileReference; fileEncoding = 4; lastKnownFileType = sourcecode.c.h; name = LoginViewController.h; path = Control/LoginViewController.h; sourceTree = "<group>"; };
		6F35AC3E1D004FF900E2D298 /* LoginViewController.m */ = {isa = PBXFileReference; fileEncoding = 4; lastKnownFileType = sourcecode.c.objc; name = LoginViewController.m; path = Control/LoginViewController.m; sourceTree = "<group>"; };
		6F58153B1CFF178700967CD4 /* 广医校园通.app */ = {isa = PBXFileReference; explicitFileType = wrapper.application; includeInIndex = 0; path = "广医校园通.app"; sourceTree = BUILT_PRODUCTS_DIR; };
		6F58153F1CFF178800967CD4 /* main.m */ = {isa = PBXFileReference; lastKnownFileType = sourcecode.c.objc; path = main.m; sourceTree = "<group>"; };
		6F5815411CFF178800967CD4 /* AppDelegate.h */ = {isa = PBXFileReference; lastKnownFileType = sourcecode.c.h; path = AppDelegate.h; sourceTree = "<group>"; };
		6F5815421CFF178800967CD4 /* AppDelegate.m */ = {isa = PBXFileReference; lastKnownFileType = sourcecode.c.objc; path = AppDelegate.m; sourceTree = "<group>"; };
		6F5815441CFF178800967CD4 /* ViewController.h */ = {isa = PBXFileReference; lastKnownFileType = sourcecode.c.h; path = ViewController.h; sourceTree = "<group>"; };
		6F5815451CFF178800967CD4 /* ViewController.m */ = {isa = PBXFileReference; lastKnownFileType = sourcecode.c.objc; path = ViewController.m; sourceTree = "<group>"; };
		6F5815481CFF178800967CD4 /* Base */ = {isa = PBXFileReference; lastKnownFileType = file.storyboard; name = Base; path = Base.lproj/Main.storyboard; sourceTree = "<group>"; };
		6F58154A1CFF178800967CD4 /* Assets.xcassets */ = {isa = PBXFileReference; lastKnownFileType = folder.assetcatalog; path = Assets.xcassets; sourceTree = "<group>"; };
		6F58154D1CFF178800967CD4 /* Base */ = {isa = PBXFileReference; lastKnownFileType = file.storyboard; name = Base; path = Base.lproj/LaunchScreen.storyboard; sourceTree = "<group>"; };
		6F58154F1CFF178800967CD4 /* Info.plist */ = {isa = PBXFileReference; lastKnownFileType = text.plist.xml; path = Info.plist; sourceTree = "<group>"; };
		6F5815541CFF178800967CD4 /* 广医校园通Tests.xctest */ = {isa = PBXFileReference; explicitFileType = wrapper.cfbundle; includeInIndex = 0; path = "广医校园通Tests.xctest"; sourceTree = BUILT_PRODUCTS_DIR; };
		6F5815581CFF178800967CD4 /* _____Tests.m */ = {isa = PBXFileReference; lastKnownFileType = sourcecode.c.objc; path = "_____Tests.m"; sourceTree = "<group>"; };
		6F58155A1CFF178800967CD4 /* Info.plist */ = {isa = PBXFileReference; lastKnownFileType = text.plist.xml; path = Info.plist; sourceTree = "<group>"; };
		6F58155F1CFF178800967CD4 /* 广医校园通UITests.xctest */ = {isa = PBXFileReference; explicitFileType = wrapper.cfbundle; includeInIndex = 0; path = "广医校园通UITests.xctest"; sourceTree = BUILT_PRODUCTS_DIR; };
		6F5815631CFF178800967CD4 /* _____UITests.m */ = {isa = PBXFileReference; lastKnownFileType = sourcecode.c.objc; path = "_____UITests.m"; sourceTree = "<group>"; };
		6F5815651CFF178800967CD4 /* Info.plist */ = {isa = PBXFileReference; lastKnownFileType = text.plist.xml; path = Info.plist; sourceTree = "<group>"; };
		6F5815771CFF201800967CD4 /* SchoolViewController.h */ = {isa = PBXFileReference; fileEncoding = 4; lastKnownFileType = sourcecode.c.h; name = SchoolViewController.h; path = Control/SchoolViewController.h; sourceTree = "<group>"; };
		6F5815781CFF201800967CD4 /* SchoolViewController.m */ = {isa = PBXFileReference; fileEncoding = 4; lastKnownFileType = sourcecode.c.objc; name = SchoolViewController.m; path = Control/SchoolViewController.m; sourceTree = "<group>"; };
		6F58157E1CFF2CD900967CD4 /* Base */ = {isa = PBXFileReference; lastKnownFileType = file.storyboard; name = Base; path = Base.lproj/LoginView.storyboard; sourceTree = "<group>"; };
		6F5815801CFF31DC00967CD4 /* MeViewController.h */ = {isa = PBXFileReference; fileEncoding = 4; lastKnownFileType = sourcecode.c.h; name = MeViewController.h; path = Control/MeViewController.h; sourceTree = "<group>"; };
		6F5815811CFF31DC00967CD4 /* MeViewController.m */ = {isa = PBXFileReference; fileEncoding = 4; lastKnownFileType = sourcecode.c.objc; name = MeViewController.m; path = Control/MeViewController.m; sourceTree = "<group>"; };
		6F955C2F1D34DFBB005BA196 /* NewsViewController.h */ = {isa = PBXFileReference; fileEncoding = 4; lastKnownFileType = sourcecode.c.h; name = NewsViewController.h; path = Control/NewsViewController.h; sourceTree = "<group>"; };
		6F955C301D34DFBB005BA196 /* NewsViewController.m */ = {isa = PBXFileReference; fileEncoding = 4; lastKnownFileType = sourcecode.c.objc; name = NewsViewController.m; path = Control/NewsViewController.m; sourceTree = "<group>"; };
		6F955C341D34E0C5005BA196 /* NewsInterface.storyboard */ = {isa = PBXFileReference; fileEncoding = 4; lastKnownFileType = file.storyboard; name = NewsInterface.storyboard; path = View/NewsInterface.storyboard; sourceTree = "<group>"; };
		6FA1EB4E1D339D560058243F /* CrossScrollCell.xib */ = {isa = PBXFileReference; fileEncoding = 4; lastKnownFileType = file.xib; name = CrossScrollCell.xib; path = View/CrossScrollCell.xib; sourceTree = "<group>"; };
		6FA1EB501D339DBA0058243F /* CrossScrollCell.h */ = {isa = PBXFileReference; fileEncoding = 4; lastKnownFileType = sourcecode.c.h; name = CrossScrollCell.h; path = Control/CrossScrollCell.h; sourceTree = "<group>"; };
		6FA1EB511D339DBA0058243F /* CrossScrollCell.m */ = {isa = PBXFileReference; fileEncoding = 4; lastKnownFileType = sourcecode.c.objc; name = CrossScrollCell.m; path = Control/CrossScrollCell.m; sourceTree = "<group>"; };
		6FA1EB551D34CFE70058243F /* AppleNewsViewController.h */ = {isa = PBXFileReference; fileEncoding = 4; lastKnownFileType = sourcecode.c.h; name = AppleNewsViewController.h; path = Control/AppleNewsViewController.h; sourceTree = "<group>"; };
		6FA1EB561D34CFE70058243F /* AppleNewsViewController.m */ = {isa = PBXFileReference; fileEncoding = 4; lastKnownFileType = sourcecode.c.objc; name = AppleNewsViewController.m; path = Control/AppleNewsViewController.m; sourceTree = "<group>"; };
		6FA239A21D366AAE001C292E /* iCarousel.h */ = {isa = PBXFileReference; fileEncoding = 4; lastKnownFileType = sourcecode.c.h; path = iCarousel.h; sourceTree = "<group>"; };
		6FA239A31D366AAE001C292E /* iCarousel.m */ = {isa = PBXFileReference; fileEncoding = 4; lastKnownFileType = sourcecode.c.objc; path = iCarousel.m; sourceTree = "<group>"; };
		6FA239A51D366AAE001C292E /* MBProgressHUD+LJ.h */ = {isa = PBXFileReference; fileEncoding = 4; lastKnownFileType = sourcecode.c.h; path = "MBProgressHUD+LJ.h"; sourceTree = "<group>"; };
		6FA239A61D366AAE001C292E /* MBProgressHUD+LJ.m */ = {isa = PBXFileReference; fileEncoding = 4; lastKnownFileType = sourcecode.c.objc; path = "MBProgressHUD+LJ.m"; sourceTree = "<group>"; };
		6FA239A71D366AAE001C292E /* MBProgressHUD.bundle */ = {isa = PBXFileReference; lastKnownFileType = "wrapper.plug-in"; path = MBProgressHUD.bundle; sourceTree = "<group>"; };
		6FA239A81D366AAE001C292E /* MBProgressHUD.h */ = {isa = PBXFileReference; fileEncoding = 4; lastKnownFileType = sourcecode.c.h; path = MBProgressHUD.h; sourceTree = "<group>"; };
		6FA239A91D366AAE001C292E /* MBProgressHUD.m */ = {isa = PBXFileReference; fileEncoding = 4; lastKnownFileType = sourcecode.c.objc; path = MBProgressHUD.m; sourceTree = "<group>"; };
		6FA239AB1D366AAE001C292E /* MJRefresh.bundle */ = {isa = PBXFileReference; lastKnownFileType = "wrapper.plug-in"; path = MJRefresh.bundle; sourceTree = "<group>"; };
		6FA239AC1D366AAE001C292E /* MJRefresh.h */ = {isa = PBXFileReference; fileEncoding = 4; lastKnownFileType = sourcecode.c.h; path = MJRefresh.h; sourceTree = "<group>"; };
		6FA239AD1D366AAE001C292E /* MJRefreshBaseView.h */ = {isa = PBXFileReference; fileEncoding = 4; lastKnownFileType = sourcecode.c.h; path = MJRefreshBaseView.h; sourceTree = "<group>"; };
		6FA239AE1D366AAE001C292E /* MJRefreshBaseView.m */ = {isa = PBXFileReference; fileEncoding = 4; lastKnownFileType = sourcecode.c.objc; path = MJRefreshBaseView.m; sourceTree = "<group>"; };
		6FA239AF1D366AAE001C292E /* MJRefreshConst.h */ = {isa = PBXFileReference; fileEncoding = 4; lastKnownFileType = sourcecode.c.h; path = MJRefreshConst.h; sourceTree = "<group>"; };
		6FA239B01D366AAE001C292E /* MJRefreshConst.m */ = {isa = PBXFileReference; fileEncoding = 4; lastKnownFileType = sourcecode.c.objc; path = MJRefreshConst.m; sourceTree = "<group>"; };
		6FA239B11D366AAE001C292E /* MJRefreshFooterView.h */ = {isa = PBXFileReference; fileEncoding = 4; lastKnownFileType = sourcecode.c.h; path = MJRefreshFooterView.h; sourceTree = "<group>"; };
		6FA239B21D366AAE001C292E /* MJRefreshFooterView.m */ = {isa = PBXFileReference; fileEncoding = 4; lastKnownFileType = sourcecode.c.objc; path = MJRefreshFooterView.m; sourceTree = "<group>"; };
		6FA239B31D366AAE001C292E /* MJRefreshHeaderView.h */ = {isa = PBXFileReference; fileEncoding = 4; lastKnownFileType = sourcecode.c.h; path = MJRefreshHeaderView.h; sourceTree = "<group>"; };
		6FA239B41D366AAE001C292E /* MJRefreshHeaderView.m */ = {isa = PBXFileReference; fileEncoding = 4; lastKnownFileType = sourcecode.c.objc; path = MJRefreshHeaderView.m; sourceTree = "<group>"; };
		6FA239B51D366AAE001C292E /* UIScrollView+MJExtension.h */ = {isa = PBXFileReference; fileEncoding = 4; lastKnownFileType = sourcecode.c.h; path = "UIScrollView+MJExtension.h"; sourceTree = "<group>"; };
		6FA239B61D366AAE001C292E /* UIScrollView+MJExtension.m */ = {isa = PBXFileReference; fileEncoding = 4; lastKnownFileType = sourcecode.c.objc; path = "UIScrollView+MJExtension.m"; sourceTree = "<group>"; };
		6FA239B71D366AAE001C292E /* UIScrollView+MJRefresh.h */ = {isa = PBXFileReference; fileEncoding = 4; lastKnownFileType = sourcecode.c.h; path = "UIScrollView+MJRefresh.h"; sourceTree = "<group>"; };
		6FA239B81D366AAE001C292E /* UIScrollView+MJRefresh.m */ = {isa = PBXFileReference; fileEncoding = 4; lastKnownFileType = sourcecode.c.objc; path = "UIScrollView+MJRefresh.m"; sourceTree = "<group>"; };
		6FA239B91D366AAE001C292E /* UIView+MJExtension.h */ = {isa = PBXFileReference; fileEncoding = 4; lastKnownFileType = sourcecode.c.h; path = "UIView+MJExtension.h"; sourceTree = "<group>"; };
		6FA239BA1D366AAE001C292E /* UIView+MJExtension.m */ = {isa = PBXFileReference; fileEncoding = 4; lastKnownFileType = sourcecode.c.objc; path = "UIView+MJExtension.m"; sourceTree = "<group>"; };
		6FA239BC1D366AAE001C292E /* Common.h */ = {isa = PBXFileReference; fileEncoding = 4; lastKnownFileType = sourcecode.c.h; path = Common.h; sourceTree = "<group>"; };
		6FA239BD1D366AAE001C292E /* LJDeviceTool.h */ = {isa = PBXFileReference; fileEncoding = 4; lastKnownFileType = sourcecode.c.h; path = LJDeviceTool.h; sourceTree = "<group>"; };
		6FA239BE1D366AAE001C292E /* LJDeviceTool.m */ = {isa = PBXFileReference; fileEncoding = 4; lastKnownFileType = sourcecode.c.objc; path = LJDeviceTool.m; sourceTree = "<group>"; };
		6FA239BF1D366AAE001C292E /* LJFileTool.h */ = {isa = PBXFileReference; fileEncoding = 4; lastKnownFileType = sourcecode.c.h; path = LJFileTool.h; sourceTree = "<group>"; };
		6FA239C01D366AAE001C292E /* LJFileTool.m */ = {isa = PBXFileReference; fileEncoding = 4; lastKnownFileType = sourcecode.c.objc; path = LJFileTool.m; sourceTree = "<group>"; };
		6FA239C31D366AAE001C292E /* LJTimeTool.h */ = {isa = PBXFileReference; fileEncoding = 4; lastKnownFileType = sourcecode.c.h; path = LJTimeTool.h; sourceTree = "<group>"; };
		6FA239C41D366AAE001C292E /* LJTimeTool.m */ = {isa = PBXFileReference; fileEncoding = 4; lastKnownFileType = sourcecode.c.objc; path = LJTimeTool.m; sourceTree = "<group>"; };
		6FA239C51D366AAE001C292E /* LJTools.h */ = {isa = PBXFileReference; fileEncoding = 4; lastKnownFileType = sourcecode.c.h; path = LJTools.h; sourceTree = "<group>"; };
		6FA239C61D366AAE001C292E /* LJUITool.h */ = {isa = PBXFileReference; fileEncoding = 4; lastKnownFileType = sourcecode.c.h; path = LJUITool.h; sourceTree = "<group>"; };
		6FA239C71D366AAE001C292E /* LJUITool.m */ = {isa = PBXFileReference; fileEncoding = 4; lastKnownFileType = sourcecode.c.objc; path = LJUITool.m; sourceTree = "<group>"; };
		6FA239D91D366CBD001C292E /* ClassScheduleViewController.h */ = {isa = PBXFileReference; fileEncoding = 4; lastKnownFileType = sourcecode.c.h; name = ClassScheduleViewController.h; path = Control/ClassScheduleViewController.h; sourceTree = "<group>"; };
		6FA239DA1D366CBD001C292E /* ClassScheduleViewController.m */ = {isa = PBXFileReference; fileEncoding = 4; lastKnownFileType = sourcecode.c.objc; name = ClassScheduleViewController.m; path = Control/ClassScheduleViewController.m; sourceTree = "<group>"; };
		6FA239DD1D366D79001C292E /* DayCourse.h */ = {isa = PBXFileReference; fileEncoding = 4; lastKnownFileType = sourcecode.c.h; name = DayCourse.h; path = Models/DayCourse.h; sourceTree = "<group>"; };
		6FA239DE1D366D79001C292E /* DayCourse.m */ = {isa = PBXFileReference; fileEncoding = 4; lastKnownFileType = sourcecode.c.objc; name = DayCourse.m; path = Models/DayCourse.m; sourceTree = "<group>"; };
		6FA239E01D366DC5001C292E /* courses.plist */ = {isa = PBXFileReference; fileEncoding = 4; lastKnownFileType = text.plist.xml; name = courses.plist; path = Models/courses.plist; sourceTree = "<group>"; };
		6FA239E31D366F40001C292E /* DayClassTableViewCell.h */ = {isa = PBXFileReference; fileEncoding = 4; lastKnownFileType = sourcecode.c.h; path = DayClassTableViewCell.h; sourceTree = "<group>"; };
		6FA239E41D366F40001C292E /* DayClassTableViewCell.m */ = {isa = PBXFileReference; fileEncoding = 4; lastKnownFileType = sourcecode.c.objc; path = DayClassTableViewCell.m; sourceTree = "<group>"; };
		6FA239E51D366F40001C292E /* DayClassTableViewCell.xib */ = {isa = PBXFileReference; fileEncoding = 4; lastKnownFileType = file.xib; path = DayClassTableViewCell.xib; sourceTree = "<group>"; };
		6FA239E61D366F40001C292E /* NightClassTableViewCell.h */ = {isa = PBXFileReference; fileEncoding = 4; lastKnownFileType = sourcecode.c.h; path = NightClassTableViewCell.h; sourceTree = "<group>"; };
		6FA239E71D366F40001C292E /* NightClassTableViewCell.m */ = {isa = PBXFileReference; fileEncoding = 4; lastKnownFileType = sourcecode.c.objc; path = NightClassTableViewCell.m; sourceTree = "<group>"; };
		6FA239E81D366F40001C292E /* NightClassTableViewCell.xib */ = {isa = PBXFileReference; fileEncoding = 4; lastKnownFileType = file.xib; path = NightClassTableViewCell.xib; sourceTree = "<group>"; };
		6FA239E91D366F40001C292E /* OldClassTable.xib */ = {isa = PBXFileReference; fileEncoding = 4; lastKnownFileType = file.xib; path = OldClassTable.xib; sourceTree = "<group>"; };
		6FA239EA1D366F40001C292E /* OldClassTableView.h */ = {isa = PBXFileReference; fileEncoding = 4; lastKnownFileType = sourcecode.c.h; path = OldClassTableView.h; sourceTree = "<group>"; };
		6FA239EB1D366F40001C292E /* OldClassTableView.m */ = {isa = PBXFileReference; fileEncoding = 4; lastKnownFileType = sourcecode.c.objc; path = OldClassTableView.m; sourceTree = "<group>"; };
		6FA239EC1D366F40001C292E /* WeekViewLable.h */ = {isa = PBXFileReference; fileEncoding = 4; lastKnownFileType = sourcecode.c.h; path = WeekViewLable.h; sourceTree = "<group>"; };
		6FA239ED1D366F40001C292E /* WeekViewLable.m */ = {isa = PBXFileReference; fileEncoding = 4; lastKnownFileType = sourcecode.c.objc; path = WeekViewLable.m; sourceTree = "<group>"; };
		6FFD22381D162383003B2419 /* RESideMenuControl.h */ = {isa = PBXFileReference; fileEncoding = 4; lastKnownFileType = sourcecode.c.h; name = RESideMenuControl.h; path = Control/RESideMenuControl.h; sourceTree = "<group>"; };
		6FFD22391D162383003B2419 /* RESideMenuControl.m */ = {isa = PBXFileReference; fileEncoding = 4; lastKnownFileType = sourcecode.c.objc; name = RESideMenuControl.m; path = Control/RESideMenuControl.m; sourceTree = "<group>"; };
		6FFD223F1D162803003B2419 /* NewsCell.xib */ = {isa = PBXFileReference; fileEncoding = 4; lastKnownFileType = file.xib; name = NewsCell.xib; path = View/NewsCell.xib; sourceTree = "<group>"; };
		6FFD22411D16293A003B2419 /* NewsCell.h */ = {isa = PBXFileReference; fileEncoding = 4; lastKnownFileType = sourcecode.c.h; name = NewsCell.h; path = Control/NewsCell.h; sourceTree = "<group>"; };
		6FFD22421D16293A003B2419 /* NewsCell.m */ = {isa = PBXFileReference; fileEncoding = 4; lastKnownFileType = sourcecode.c.objc; name = NewsCell.m; path = Control/NewsCell.m; sourceTree = "<group>"; };
		8AC205BBF3FF2EA2BC9234B6 /* Pods-广医校园通.release.xcconfig */ = {isa = PBXFileReference; includeInIndex = 1; lastKnownFileType = text.xcconfig; name = "Pods-广医校园通.release.xcconfig"; path = "Pods/Target Support Files/Pods-广医校园通/Pods-广医校园通.release.xcconfig"; sourceTree = "<group>"; };
		A76B3ECD5118C6C7DCB7775C /* Pods-广医校园通.debug.xcconfig */ = {isa = PBXFileReference; includeInIndex = 1; lastKnownFileType = text.xcconfig; name = "Pods-广医校园通.debug.xcconfig"; path = "Pods/Target Support Files/Pods-广医校园通/Pods-广医校园通.debug.xcconfig"; sourceTree = "<group>"; };
		B6A4557D1AF768720981ED2E /* libPods-广医校园通.a */ = {isa = PBXFileReference; explicitFileType = archive.ar; includeInIndex = 0; path = "libPods-广医校园通.a"; sourceTree = BUILT_PRODUCTS_DIR; };
/* End PBXFileReference section */

/* Begin PBXFrameworksBuildPhase section */
		6F5815381CFF178700967CD4 /* Frameworks */ = {
			isa = PBXFrameworksBuildPhase;
			buildActionMask = 2147483647;
			files = (
				40450C18436A6A47CD966A9F /* libPods-广医校园通.a in Frameworks */,
			);
			runOnlyForDeploymentPostprocessing = 0;
		};
		6F5815511CFF178800967CD4 /* Frameworks */ = {
			isa = PBXFrameworksBuildPhase;
			buildActionMask = 2147483647;
			files = (
			);
			runOnlyForDeploymentPostprocessing = 0;
		};
		6F58155C1CFF178800967CD4 /* Frameworks */ = {
			isa = PBXFrameworksBuildPhase;
			buildActionMask = 2147483647;
			files = (
			);
			runOnlyForDeploymentPostprocessing = 0;
		};
/* End PBXFrameworksBuildPhase section */

/* Begin PBXGroup section */
		523D35F77D2456955EFFC8C0 /* Frameworks */ = {
			isa = PBXGroup;
			children = (
				B6A4557D1AF768720981ED2E /* libPods-广医校园通.a */,
			);
			name = Frameworks;
			sourceTree = "<group>";
		};
		6F5815321CFF178700967CD4 = {
			isa = PBXGroup;
			children = (
				6F58153D1CFF178700967CD4 /* 广医校园通 */,
				6F5815571CFF178800967CD4 /* 广医校园通Tests */,
				6F5815621CFF178800967CD4 /* 广医校园通UITests */,
				6F58153C1CFF178700967CD4 /* Products */,
				E8ADE5F14941F1B55D3E9335 /* Pods */,
				523D35F77D2456955EFFC8C0 /* Frameworks */,
			);
			sourceTree = "<group>";
		};
		6F58153C1CFF178700967CD4 /* Products */ = {
			isa = PBXGroup;
			children = (
				6F58153B1CFF178700967CD4 /* 广医校园通.app */,
				6F5815541CFF178800967CD4 /* 广医校园通Tests.xctest */,
				6F58155F1CFF178800967CD4 /* 广医校园通UITests.xctest */,
			);
			name = Products;
			sourceTree = "<group>";
		};
		6F58153D1CFF178700967CD4 /* 广医校园通 */ = {
			isa = PBXGroup;
			children = (
				6FA239E01D366DC5001C292E /* courses.plist */,
				6FA239DC1D366D06001C292E /* Models */,
				6FFD223C1D162486003B2419 /* Control */,
				6FFD223B1D16246E003B2419 /* View */,
				6F5815411CFF178800967CD4 /* AppDelegate.h */,
				6F5815421CFF178800967CD4 /* AppDelegate.m */,
				6F5815441CFF178800967CD4 /* ViewController.h */,
				6F5815451CFF178800967CD4 /* ViewController.m */,
				6F58154A1CFF178800967CD4 /* Assets.xcassets */,
				6F58154F1CFF178800967CD4 /* Info.plist */,
				6F58153E1CFF178700967CD4 /* Supporting Files */,
			);
			path = "广医校园通";
			sourceTree = "<group>";
		};
		6F58153E1CFF178700967CD4 /* Supporting Files */ = {
			isa = PBXGroup;
			children = (
				6FA239A01D366AAE001C292E /* supporting file */,
				6F58153F1CFF178800967CD4 /* main.m */,
			);
			name = "Supporting Files";
			sourceTree = "<group>";
		};
		6F5815571CFF178800967CD4 /* 广医校园通Tests */ = {
			isa = PBXGroup;
			children = (
				6F5815581CFF178800967CD4 /* _____Tests.m */,
				6F58155A1CFF178800967CD4 /* Info.plist */,
			);
			path = "广医校园通Tests";
			sourceTree = "<group>";
		};
		6F5815621CFF178800967CD4 /* 广医校园通UITests */ = {
			isa = PBXGroup;
			children = (
				6F5815631CFF178800967CD4 /* _____UITests.m */,
				6F5815651CFF178800967CD4 /* Info.plist */,
			);
			path = "广医校园通UITests";
			sourceTree = "<group>";
		};
		6FA239A01D366AAE001C292E /* supporting file */ = {
			isa = PBXGroup;
			children = (
				6FA239A11D366AAE001C292E /* iCarousel */,
				6FA239A41D366AAE001C292E /* MBProgressHUD */,
				6FA239AA1D366AAE001C292E /* MJRefresh */,
				6FA239BB1D366AAE001C292E /* Tools */,
			);
			path = "supporting file";
			sourceTree = "<group>";
		};
		6FA239A11D366AAE001C292E /* iCarousel */ = {
			isa = PBXGroup;
			children = (
				6FA239A21D366AAE001C292E /* iCarousel.h */,
				6FA239A31D366AAE001C292E /* iCarousel.m */,
			);
			path = iCarousel;
			sourceTree = "<group>";
		};
		6FA239A41D366AAE001C292E /* MBProgressHUD */ = {
			isa = PBXGroup;
			children = (
				6FA239A51D366AAE001C292E /* MBProgressHUD+LJ.h */,
				6FA239A61D366AAE001C292E /* MBProgressHUD+LJ.m */,
				6FA239A71D366AAE001C292E /* MBProgressHUD.bundle */,
				6FA239A81D366AAE001C292E /* MBProgressHUD.h */,
				6FA239A91D366AAE001C292E /* MBProgressHUD.m */,
			);
			path = MBProgressHUD;
			sourceTree = "<group>";
		};
		6FA239AA1D366AAE001C292E /* MJRefresh */ = {
			isa = PBXGroup;
			children = (
				6FA239AB1D366AAE001C292E /* MJRefresh.bundle */,
				6FA239AC1D366AAE001C292E /* MJRefresh.h */,
				6FA239AD1D366AAE001C292E /* MJRefreshBaseView.h */,
				6FA239AE1D366AAE001C292E /* MJRefreshBaseView.m */,
				6FA239AF1D366AAE001C292E /* MJRefreshConst.h */,
				6FA239B01D366AAE001C292E /* MJRefreshConst.m */,
				6FA239B11D366AAE001C292E /* MJRefreshFooterView.h */,
				6FA239B21D366AAE001C292E /* MJRefreshFooterView.m */,
				6FA239B31D366AAE001C292E /* MJRefreshHeaderView.h */,
				6FA239B41D366AAE001C292E /* MJRefreshHeaderView.m */,
				6FA239B51D366AAE001C292E /* UIScrollView+MJExtension.h */,
				6FA239B61D366AAE001C292E /* UIScrollView+MJExtension.m */,
				6FA239B71D366AAE001C292E /* UIScrollView+MJRefresh.h */,
				6FA239B81D366AAE001C292E /* UIScrollView+MJRefresh.m */,
				6FA239B91D366AAE001C292E /* UIView+MJExtension.h */,
				6FA239BA1D366AAE001C292E /* UIView+MJExtension.m */,
			);
			path = MJRefresh;
			sourceTree = "<group>";
		};
		6FA239BB1D366AAE001C292E /* Tools */ = {
			isa = PBXGroup;
			children = (
				6FA239BC1D366AAE001C292E /* Common.h */,
				6FA239BD1D366AAE001C292E /* LJDeviceTool.h */,
				6FA239BE1D366AAE001C292E /* LJDeviceTool.m */,
				6FA239BF1D366AAE001C292E /* LJFileTool.h */,
				6FA239C01D366AAE001C292E /* LJFileTool.m */,
				6FA239C31D366AAE001C292E /* LJTimeTool.h */,
				6FA239C41D366AAE001C292E /* LJTimeTool.m */,
				6FA239C51D366AAE001C292E /* LJTools.h */,
				6FA239C61D366AAE001C292E /* LJUITool.h */,
				6FA239C71D366AAE001C292E /* LJUITool.m */,
			);
			path = Tools;
			sourceTree = "<group>";
		};
		6FA239DC1D366D06001C292E /* Models */ = {
			isa = PBXGroup;
			children = (
				6FA239DD1D366D79001C292E /* DayCourse.h */,
				6FA239DE1D366D79001C292E /* DayCourse.m */,
			);
			name = Models;
			sourceTree = "<group>";
		};
		6FA239E21D366F40001C292E /* CopyView */ = {
			isa = PBXGroup;
			children = (
				6FA239E31D366F40001C292E /* DayClassTableViewCell.h */,
				6FA239E41D366F40001C292E /* DayClassTableViewCell.m */,
				6FA239E51D366F40001C292E /* DayClassTableViewCell.xib */,
				6FA239E61D366F40001C292E /* NightClassTableViewCell.h */,
				6FA239E71D366F40001C292E /* NightClassTableViewCell.m */,
				6FA239E81D366F40001C292E /* NightClassTableViewCell.xib */,
				6FA239E91D366F40001C292E /* OldClassTable.xib */,
				6FA239EA1D366F40001C292E /* OldClassTableView.h */,
				6FA239EB1D366F40001C292E /* OldClassTableView.m */,
				6FA239EC1D366F40001C292E /* WeekViewLable.h */,
				6FA239ED1D366F40001C292E /* WeekViewLable.m */,
			);
			name = CopyView;
			path = View/CopyView;
			sourceTree = "<group>";
		};
		6FFD223B1D16246E003B2419 /* View */ = {
			isa = PBXGroup;
			children = (
				6FA239E21D366F40001C292E /* CopyView */,
				6F5815471CFF178800967CD4 /* Main.storyboard */,
				6F58157D1CFF2CD900967CD4 /* LoginView.storyboard */,
				6FFD223F1D162803003B2419 /* NewsCell.xib */,
				6FA1EB4E1D339D560058243F /* CrossScrollCell.xib */,
				6F955C341D34E0C5005BA196 /* NewsInterface.storyboard */,
				6F58154C1CFF178800967CD4 /* LaunchScreen.storyboard */,
			);
			name = View;
			sourceTree = "<group>";
		};
		6FFD223C1D162486003B2419 /* Control */ = {
			isa = PBXGroup;
			children = (
				6FA239D91D366CBD001C292E /* ClassScheduleViewController.h */,
				6FA239DA1D366CBD001C292E /* ClassScheduleViewController.m */,
				6F955C2F1D34DFBB005BA196 /* NewsViewController.h */,
				6F955C301D34DFBB005BA196 /* NewsViewController.m */,
				6F35AC3D1D004FF900E2D298 /* LoginViewController.h */,
				6F35AC3E1D004FF900E2D298 /* LoginViewController.m */,
				6FFD22381D162383003B2419 /* RESideMenuControl.h */,
				6FA1EB551D34CFE70058243F /* AppleNewsViewController.h */,
				6FA1EB561D34CFE70058243F /* AppleNewsViewController.m */,
				6FFD22391D162383003B2419 /* RESideMenuControl.m */,
				6F5815801CFF31DC00967CD4 /* MeViewController.h */,
				6F5815811CFF31DC00967CD4 /* MeViewController.m */,
				6F5815771CFF201800967CD4 /* SchoolViewController.h */,
				6F5815781CFF201800967CD4 /* SchoolViewController.m */,
				6FFD22411D16293A003B2419 /* NewsCell.h */,
				6FFD22421D16293A003B2419 /* NewsCell.m */,
				6FA1EB501D339DBA0058243F /* CrossScrollCell.h */,
				6FA1EB511D339DBA0058243F /* CrossScrollCell.m */,
			);
			name = Control;
			sourceTree = "<group>";
		};
		E8ADE5F14941F1B55D3E9335 /* Pods */ = {
			isa = PBXGroup;
			children = (
				A76B3ECD5118C6C7DCB7775C /* Pods-广医校园通.debug.xcconfig */,
				8AC205BBF3FF2EA2BC9234B6 /* Pods-广医校园通.release.xcconfig */,
			);
			name = Pods;
			sourceTree = "<group>";
		};
/* End PBXGroup section */

/* Begin PBXNativeTarget section */
		6F58153A1CFF178700967CD4 /* 广医校园通 */ = {
			isa = PBXNativeTarget;
			buildConfigurationList = 6F5815681CFF178800967CD4 /* Build configuration list for PBXNativeTarget "广医校园通" */;
			buildPhases = (
				0DC389F4B9091497853D665E /* 📦 Check Pods Manifest.lock */,
				6F5815371CFF178700967CD4 /* Sources */,
				6F5815381CFF178700967CD4 /* Frameworks */,
				6F5815391CFF178700967CD4 /* Resources */,
				E55C2711817CAAE4659F66D7 /* 📦 Embed Pods Frameworks */,
				EF4E34E13D87BE785D8DBF8D /* 📦 Copy Pods Resources */,
			);
			buildRules = (
			);
			dependencies = (
			);
			name = "广医校园通";
			productName = "广医校园通";
			productReference = 6F58153B1CFF178700967CD4 /* 广医校园通.app */;
			productType = "com.apple.product-type.application";
		};
		6F5815531CFF178800967CD4 /* 广医校园通Tests */ = {
			isa = PBXNativeTarget;
			buildConfigurationList = 6F58156B1CFF178800967CD4 /* Build configuration list for PBXNativeTarget "广医校园通Tests" */;
			buildPhases = (
				6F5815501CFF178800967CD4 /* Sources */,
				6F5815511CFF178800967CD4 /* Frameworks */,
				6F5815521CFF178800967CD4 /* Resources */,
			);
			buildRules = (
			);
			dependencies = (
				6F5815561CFF178800967CD4 /* PBXTargetDependency */,
			);
			name = "广医校园通Tests";
			productName = "广医校园通Tests";
			productReference = 6F5815541CFF178800967CD4 /* 广医校园通Tests.xctest */;
			productType = "com.apple.product-type.bundle.unit-test";
		};
		6F58155E1CFF178800967CD4 /* 广医校园通UITests */ = {
			isa = PBXNativeTarget;
			buildConfigurationList = 6F58156E1CFF178800967CD4 /* Build configuration list for PBXNativeTarget "广医校园通UITests" */;
			buildPhases = (
				6F58155B1CFF178800967CD4 /* Sources */,
				6F58155C1CFF178800967CD4 /* Frameworks */,
				6F58155D1CFF178800967CD4 /* Resources */,
			);
			buildRules = (
			);
			dependencies = (
				6F5815611CFF178800967CD4 /* PBXTargetDependency */,
			);
			name = "广医校园通UITests";
			productName = "广医校园通UITests";
			productReference = 6F58155F1CFF178800967CD4 /* 广医校园通UITests.xctest */;
			productType = "com.apple.product-type.bundle.ui-testing";
		};
/* End PBXNativeTarget section */

/* Begin PBXProject section */
		6F5815331CFF178700967CD4 /* Project object */ = {
			isa = PBXProject;
			attributes = {
				LastUpgradeCheck = 0730;
				ORGANIZATIONNAME = Y;
				TargetAttributes = {
					6F58153A1CFF178700967CD4 = {
						CreatedOnToolsVersion = 7.3;
						DevelopmentTeam = S43V4G9QY6;
					};
					6F5815531CFF178800967CD4 = {
						CreatedOnToolsVersion = 7.3;
						TestTargetID = 6F58153A1CFF178700967CD4;
					};
					6F58155E1CFF178800967CD4 = {
						CreatedOnToolsVersion = 7.3;
						TestTargetID = 6F58153A1CFF178700967CD4;
					};
				};
			};
			buildConfigurationList = 6F5815361CFF178700967CD4 /* Build configuration list for PBXProject "广医校园通" */;
			compatibilityVersion = "Xcode 3.2";
			developmentRegion = English;
			hasScannedForEncodings = 0;
			knownRegions = (
				en,
				Base,
			);
			mainGroup = 6F5815321CFF178700967CD4;
			productRefGroup = 6F58153C1CFF178700967CD4 /* Products */;
			projectDirPath = "";
			projectRoot = "";
			targets = (
				6F58153A1CFF178700967CD4 /* 广医校园通 */,
				6F5815531CFF178800967CD4 /* 广医校园通Tests */,
				6F58155E1CFF178800967CD4 /* 广医校园通UITests */,
			);
		};
/* End PBXProject section */

/* Begin PBXResourcesBuildPhase section */
		6F5815391CFF178700967CD4 /* Resources */ = {
			isa = PBXResourcesBuildPhase;
			buildActionMask = 2147483647;
			files = (
				6F58154E1CFF178800967CD4 /* LaunchScreen.storyboard in Resources */,
				6FA239CA1D366AAE001C292E /* MBProgressHUD.bundle in Resources */,
				6F58154B1CFF178800967CD4 /* Assets.xcassets in Resources */,
				6FFD22401D162803003B2419 /* NewsCell.xib in Resources */,
				6FA239F21D366F40001C292E /* OldClassTable.xib in Resources */,
				6F5815491CFF178800967CD4 /* Main.storyboard in Resources */,
				6F955C351D34E0C5005BA196 /* NewsInterface.storyboard in Resources */,
				6F58157F1CFF2CD900967CD4 /* LoginView.storyboard in Resources */,
				6FA239EF1D366F40001C292E /* DayClassTableViewCell.xib in Resources */,
				6FA239E11D366DC5001C292E /* courses.plist in Resources */,
				6FA1EB4F1D339D560058243F /* CrossScrollCell.xib in Resources */,
				6FA239CC1D366AAE001C292E /* MJRefresh.bundle in Resources */,
				6FA239F11D366F40001C292E /* NightClassTableViewCell.xib in Resources */,
			);
			runOnlyForDeploymentPostprocessing = 0;
		};
		6F5815521CFF178800967CD4 /* Resources */ = {
			isa = PBXResourcesBuildPhase;
			buildActionMask = 2147483647;
			files = (
			);
			runOnlyForDeploymentPostprocessing = 0;
		};
		6F58155D1CFF178800967CD4 /* Resources */ = {
			isa = PBXResourcesBuildPhase;
			buildActionMask = 2147483647;
			files = (
			);
			runOnlyForDeploymentPostprocessing = 0;
		};
/* End PBXResourcesBuildPhase section */

/* Begin PBXShellScriptBuildPhase section */
		0DC389F4B9091497853D665E /* 📦 Check Pods Manifest.lock */ = {
			isa = PBXShellScriptBuildPhase;
			buildActionMask = 2147483647;
			files = (
			);
			inputPaths = (
			);
			name = "📦 Check Pods Manifest.lock";
			outputPaths = (
			);
			runOnlyForDeploymentPostprocessing = 0;
			shellPath = /bin/sh;
			shellScript = "diff \"${PODS_ROOT}/../Podfile.lock\" \"${PODS_ROOT}/Manifest.lock\" > /dev/null\nif [[ $? != 0 ]] ; then\n    cat << EOM\nerror: The sandbox is not in sync with the Podfile.lock. Run 'pod install' or update your CocoaPods installation.\nEOM\n    exit 1\nfi\n";
			showEnvVarsInLog = 0;
		};
		E55C2711817CAAE4659F66D7 /* 📦 Embed Pods Frameworks */ = {
			isa = PBXShellScriptBuildPhase;
			buildActionMask = 2147483647;
			files = (
			);
			inputPaths = (
			);
			name = "📦 Embed Pods Frameworks";
			outputPaths = (
			);
			runOnlyForDeploymentPostprocessing = 0;
			shellPath = /bin/sh;
			shellScript = "\"${SRCROOT}/Pods/Target Support Files/Pods-广医校园通/Pods-广医校园通-frameworks.sh\"\n";
			showEnvVarsInLog = 0;
		};
		EF4E34E13D87BE785D8DBF8D /* 📦 Copy Pods Resources */ = {
			isa = PBXShellScriptBuildPhase;
			buildActionMask = 2147483647;
			files = (
			);
			inputPaths = (
			);
			name = "📦 Copy Pods Resources";
			outputPaths = (
			);
			runOnlyForDeploymentPostprocessing = 0;
			shellPath = /bin/sh;
			shellScript = "\"${SRCROOT}/Pods/Target Support Files/Pods-广医校园通/Pods-广医校园通-resources.sh\"\n";
			showEnvVarsInLog = 0;
		};
/* End PBXShellScriptBuildPhase section */

/* Begin PBXSourcesBuildPhase section */
		6F5815371CFF178700967CD4 /* Sources */ = {
			isa = PBXSourcesBuildPhase;
			buildActionMask = 2147483647;
			files = (
				6FA239F31D366F40001C292E /* OldClassTableView.m in Sources */,
				6FA239DF1D366D79001C292E /* DayCourse.m in Sources */,
				6FA239EE1D366F40001C292E /* DayClassTableViewCell.m in Sources */,
				6FA239DB1D366CBD001C292E /* ClassScheduleViewController.m in Sources */,
				6F5815461CFF178800967CD4 /* ViewController.m in Sources */,
				6F5815821CFF31DC00967CD4 /* MeViewController.m in Sources */,
				6FFD22431D16293A003B2419 /* NewsCell.m in Sources */,
				6FA239CD1D366AAE001C292E /* MJRefreshBaseView.m in Sources */,
				6F35AC3F1D004FF900E2D298 /* LoginViewController.m in Sources */,
				6FA239D71D366AAE001C292E /* LJTimeTool.m in Sources */,
				6F5815431CFF178800967CD4 /* AppDelegate.m in Sources */,
				6FA239D01D366AAE001C292E /* MJRefreshHeaderView.m in Sources */,
				6FA239C91D366AAE001C292E /* MBProgressHUD+LJ.m in Sources */,
				6FA239D21D366AAE001C292E /* UIScrollView+MJRefresh.m in Sources */,
				6FA239F01D366F40001C292E /* NightClassTableViewCell.m in Sources */,
				6FA239D41D366AAE001C292E /* LJDeviceTool.m in Sources */,
				6FA239D51D366AAE001C292E /* LJFileTool.m in Sources */,
				6FA239D11D366AAE001C292E /* UIScrollView+MJExtension.m in Sources */,
				6FA239D31D366AAE001C292E /* UIView+MJExtension.m in Sources */,
				6F955C311D34DFBB005BA196 /* NewsViewController.m in Sources */,
				6FA239CF1D366AAE001C292E /* MJRefreshFooterView.m in Sources */,
				6FA239CE1D366AAE001C292E /* MJRefreshConst.m in Sources */,
				6F5815401CFF178800967CD4 /* main.m in Sources */,
				6F5815791CFF201800967CD4 /* SchoolViewController.m in Sources */,
				6FA1EB521D339DBA0058243F /* CrossScrollCell.m in Sources */,
				6FA239C81D366AAE001C292E /* iCarousel.m in Sources */,
				6FFD223A1D162383003B2419 /* RESideMenuControl.m in Sources */,
				6FA239F41D366F40001C292E /* WeekViewLable.m in Sources */,
				6FA1EB571D34CFE70058243F /* AppleNewsViewController.m in Sources */,
				6FA239CB1D366AAE001C292E /* MBProgressHUD.m in Sources */,
				6FA239D81D366AAE001C292E /* LJUITool.m in Sources */,
			);
			runOnlyForDeploymentPostprocessing = 0;
		};
		6F5815501CFF178800967CD4 /* Sources */ = {
			isa = PBXSourcesBuildPhase;
			buildActionMask = 2147483647;
			files = (
				6F5815591CFF178800967CD4 /* _____Tests.m in Sources */,
			);
			runOnlyForDeploymentPostprocessing = 0;
		};
		6F58155B1CFF178800967CD4 /* Sources */ = {
			isa = PBXSourcesBuildPhase;
			buildActionMask = 2147483647;
			files = (
				6F5815641CFF178800967CD4 /* _____UITests.m in Sources */,
			);
			runOnlyForDeploymentPostprocessing = 0;
		};
/* End PBXSourcesBuildPhase section */

/* Begin PBXTargetDependency section */
		6F5815561CFF178800967CD4 /* PBXTargetDependency */ = {
			isa = PBXTargetDependency;
			target = 6F58153A1CFF178700967CD4 /* 广医校园通 */;
			targetProxy = 6F5815551CFF178800967CD4 /* PBXContainerItemProxy */;
		};
		6F5815611CFF178800967CD4 /* PBXTargetDependency */ = {
			isa = PBXTargetDependency;
			target = 6F58153A1CFF178700967CD4 /* 广医校园通 */;
			targetProxy = 6F5815601CFF178800967CD4 /* PBXContainerItemProxy */;
		};
/* End PBXTargetDependency section */

/* Begin PBXVariantGroup section */
		6F5815471CFF178800967CD4 /* Main.storyboard */ = {
			isa = PBXVariantGroup;
			children = (
				6F5815481CFF178800967CD4 /* Base */,
			);
			name = Main.storyboard;
			sourceTree = "<group>";
		};
		6F58154C1CFF178800967CD4 /* LaunchScreen.storyboard */ = {
			isa = PBXVariantGroup;
			children = (
				6F58154D1CFF178800967CD4 /* Base */,
			);
			name = LaunchScreen.storyboard;
			sourceTree = "<group>";
		};
		6F58157D1CFF2CD900967CD4 /* LoginView.storyboard */ = {
			isa = PBXVariantGroup;
			children = (
				6F58157E1CFF2CD900967CD4 /* Base */,
			);
			name = LoginView.storyboard;
			sourceTree = "<group>";
		};
/* End PBXVariantGroup section */

/* Begin XCBuildConfiguration section */
		6F5815661CFF178800967CD4 /* Debug */ = {
			isa = XCBuildConfiguration;
			buildSettings = {
				ALWAYS_SEARCH_USER_PATHS = NO;
				CLANG_ANALYZER_NONNULL = YES;
				CLANG_CXX_LANGUAGE_STANDARD = "gnu++0x";
				CLANG_CXX_LIBRARY = "libc++";
				CLANG_ENABLE_MODULES = YES;
				CLANG_ENABLE_OBJC_ARC = YES;
				CLANG_WARN_BOOL_CONVERSION = YES;
				CLANG_WARN_CONSTANT_CONVERSION = YES;
				CLANG_WARN_DIRECT_OBJC_ISA_USAGE = YES_ERROR;
				CLANG_WARN_EMPTY_BODY = YES;
				CLANG_WARN_ENUM_CONVERSION = YES;
				CLANG_WARN_INT_CONVERSION = YES;
				CLANG_WARN_OBJC_ROOT_CLASS = YES_ERROR;
				CLANG_WARN_UNREACHABLE_CODE = YES;
				CLANG_WARN__DUPLICATE_METHOD_MATCH = YES;
				"CODE_SIGN_IDENTITY[sdk=iphoneos*]" = "iPhone Developer";
				COPY_PHASE_STRIP = NO;
				DEBUG_INFORMATION_FORMAT = dwarf;
				ENABLE_STRICT_OBJC_MSGSEND = YES;
				ENABLE_TESTABILITY = YES;
				GCC_C_LANGUAGE_STANDARD = gnu99;
				GCC_DYNAMIC_NO_PIC = NO;
				GCC_NO_COMMON_BLOCKS = YES;
				GCC_OPTIMIZATION_LEVEL = 0;
				GCC_PREPROCESSOR_DEFINITIONS = (
					"DEBUG=1",
					"$(inherited)",
				);
				GCC_WARN_64_TO_32_BIT_CONVERSION = YES;
				GCC_WARN_ABOUT_RETURN_TYPE = YES_ERROR;
				GCC_WARN_UNDECLARED_SELECTOR = YES;
				GCC_WARN_UNINITIALIZED_AUTOS = YES_AGGRESSIVE;
				GCC_WARN_UNUSED_FUNCTION = YES;
				GCC_WARN_UNUSED_VARIABLE = YES;
				IPHONEOS_DEPLOYMENT_TARGET = 9.3;
				MTL_ENABLE_DEBUG_INFO = YES;
				ONLY_ACTIVE_ARCH = YES;
				SDKROOT = iphoneos;
			};
			name = Debug;
		};
		6F5815671CFF178800967CD4 /* Release */ = {
			isa = XCBuildConfiguration;
			buildSettings = {
				ALWAYS_SEARCH_USER_PATHS = NO;
				CLANG_ANALYZER_NONNULL = YES;
				CLANG_CXX_LANGUAGE_STANDARD = "gnu++0x";
				CLANG_CXX_LIBRARY = "libc++";
				CLANG_ENABLE_MODULES = YES;
				CLANG_ENABLE_OBJC_ARC = YES;
				CLANG_WARN_BOOL_CONVERSION = YES;
				CLANG_WARN_CONSTANT_CONVERSION = YES;
				CLANG_WARN_DIRECT_OBJC_ISA_USAGE = YES_ERROR;
				CLANG_WARN_EMPTY_BODY = YES;
				CLANG_WARN_ENUM_CONVERSION = YES;
				CLANG_WARN_INT_CONVERSION = YES;
				CLANG_WARN_OBJC_ROOT_CLASS = YES_ERROR;
				CLANG_WARN_UNREACHABLE_CODE = YES;
				CLANG_WARN__DUPLICATE_METHOD_MATCH = YES;
				"CODE_SIGN_IDENTITY[sdk=iphoneos*]" = "iPhone Developer";
				COPY_PHASE_STRIP = NO;
				DEBUG_INFORMATION_FORMAT = "dwarf-with-dsym";
				ENABLE_NS_ASSERTIONS = NO;
				ENABLE_STRICT_OBJC_MSGSEND = YES;
				GCC_C_LANGUAGE_STANDARD = gnu99;
				GCC_NO_COMMON_BLOCKS = YES;
				GCC_WARN_64_TO_32_BIT_CONVERSION = YES;
				GCC_WARN_ABOUT_RETURN_TYPE = YES_ERROR;
				GCC_WARN_UNDECLARED_SELECTOR = YES;
				GCC_WARN_UNINITIALIZED_AUTOS = YES_AGGRESSIVE;
				GCC_WARN_UNUSED_FUNCTION = YES;
				GCC_WARN_UNUSED_VARIABLE = YES;
				IPHONEOS_DEPLOYMENT_TARGET = 9.3;
				MTL_ENABLE_DEBUG_INFO = NO;
				SDKROOT = iphoneos;
				VALIDATE_PRODUCT = YES;
			};
			name = Release;
		};
		6F5815691CFF178800967CD4 /* Debug */ = {
			isa = XCBuildConfiguration;
			baseConfigurationReference = A76B3ECD5118C6C7DCB7775C /* Pods-广医校园通.debug.xcconfig */;
			buildSettings = {
				ASSETCATALOG_COMPILER_APPICON_NAME = AppIcon;
				CODE_SIGN_IDENTITY = "iPhone Developer";
				"CODE_SIGN_IDENTITY[sdk=iphoneos*]" = "iPhone Developer";
				INFOPLIST_FILE = "广医校园通/Info.plist";
				IPHONEOS_DEPLOYMENT_TARGET = 8.4;
				LD_RUNPATH_SEARCH_PATHS = "$(inherited) @executable_path/Frameworks";
				PRODUCT_BUNDLE_IDENTIFIER = "-63.com-feitiehappy.GDMU-Helper";
				PRODUCT_NAME = "$(TARGET_NAME)";
				PROVISIONING_PROFILE = "";
			};
			name = Debug;
		};
		6F58156A1CFF178800967CD4 /* Release */ = {
			isa = XCBuildConfiguration;
			baseConfigurationReference = 8AC205BBF3FF2EA2BC9234B6 /* Pods-广医校园通.release.xcconfig */;
			buildSettings = {
				ASSETCATALOG_COMPILER_APPICON_NAME = AppIcon;
				CODE_SIGN_IDENTITY = "iPhone Developer";
				"CODE_SIGN_IDENTITY[sdk=iphoneos*]" = "iPhone Developer";
				INFOPLIST_FILE = "广医校园通/Info.plist";
				IPHONEOS_DEPLOYMENT_TARGET = 8.4;
				LD_RUNPATH_SEARCH_PATHS = "$(inherited) @executable_path/Frameworks";
				PRODUCT_BUNDLE_IDENTIFIER = "-63.com-feitiehappy.GDMU-Helper";
				PRODUCT_NAME = "$(TARGET_NAME)";
				PROVISIONING_PROFILE = "";
			};
			name = Release;
		};
		6F58156C1CFF178800967CD4 /* Debug */ = {
			isa = XCBuildConfiguration;
			buildSettings = {
				BUNDLE_LOADER = "$(TEST_HOST)";
				INFOPLIST_FILE = "广医校园通Tests/Info.plist";
				LD_RUNPATH_SEARCH_PATHS = "$(inherited) @executable_path/Frameworks @loader_path/Frameworks";
				PRODUCT_BUNDLE_IDENTIFIER = "-63.com-feitiehappy.-----Tests";
				PRODUCT_NAME = "$(TARGET_NAME)";
				TEST_HOST = "$(BUILT_PRODUCTS_DIR)/广医校园通.app/广医校园通";
			};
			name = Debug;
		};
		6F58156D1CFF178800967CD4 /* Release */ = {
			isa = XCBuildConfiguration;
			buildSettings = {
				BUNDLE_LOADER = "$(TEST_HOST)";
				INFOPLIST_FILE = "广医校园通Tests/Info.plist";
				LD_RUNPATH_SEARCH_PATHS = "$(inherited) @executable_path/Frameworks @loader_path/Frameworks";
				PRODUCT_BUNDLE_IDENTIFIER = "-63.com-feitiehappy.-----Tests";
				PRODUCT_NAME = "$(TARGET_NAME)";
				TEST_HOST = "$(BUILT_PRODUCTS_DIR)/广医校园通.app/广医校园通";
			};
			name = Release;
		};
		6F58156F1CFF178800967CD4 /* Debug */ = {
			isa = XCBuildConfiguration;
			buildSettings = {
				INFOPLIST_FILE = "广医校园通UITests/Info.plist";
				LD_RUNPATH_SEARCH_PATHS = "$(inherited) @executable_path/Frameworks @loader_path/Frameworks";
				PRODUCT_BUNDLE_IDENTIFIER = "-63.com-feitiehappy.-----UITests";
				PRODUCT_NAME = "$(TARGET_NAME)";
				TEST_TARGET_NAME = "广医校园通";
			};
			name = Debug;
		};
		6F5815701CFF178800967CD4 /* Release */ = {
			isa = XCBuildConfiguration;
			buildSettings = {
				INFOPLIST_FILE = "广医校园通UITests/Info.plist";
				LD_RUNPATH_SEARCH_PATHS = "$(inherited) @executable_path/Frameworks @loader_path/Frameworks";
				PRODUCT_BUNDLE_IDENTIFIER = "-63.com-feitiehappy.-----UITests";
				PRODUCT_NAME = "$(TARGET_NAME)";
				TEST_TARGET_NAME = "广医校园通";
			};
			name = Release;
		};
/* End XCBuildConfiguration section */

/* Begin XCConfigurationList section */
		6F5815361CFF178700967CD4 /* Build configuration list for PBXProject "广医校园通" */ = {
			isa = XCConfigurationList;
			buildConfigurations = (
				6F5815661CFF178800967CD4 /* Debug */,
				6F5815671CFF178800967CD4 /* Release */,
			);
			defaultConfigurationIsVisible = 0;
			defaultConfigurationName = Release;
		};
		6F5815681CFF178800967CD4 /* Build configuration list for PBXNativeTarget "广医校园通" */ = {
			isa = XCConfigurationList;
			buildConfigurations = (
				6F5815691CFF178800967CD4 /* Debug */,
				6F58156A1CFF178800967CD4 /* Release */,
			);
			defaultConfigurationIsVisible = 0;
			defaultConfigurationName = Release;
		};
		6F58156B1CFF178800967CD4 /* Build configuration list for PBXNativeTarget "广医校园通Tests" */ = {
			isa = XCConfigurationList;
			buildConfigurations = (
				6F58156C1CFF178800967CD4 /* Debug */,
				6F58156D1CFF178800967CD4 /* Release */,
			);
			defaultConfigurationIsVisible = 0;
			defaultConfigurationName = Release;
		};
		6F58156E1CFF178800967CD4 /* Build configuration list for PBXNativeTarget "广医校园通UITests" */ = {
			isa = XCConfigurationList;
			buildConfigurations = (
				6F58156F1CFF178800967CD4 /* Debug */,
				6F5815701CFF178800967CD4 /* Release */,
			);
			defaultConfigurationIsVisible = 0;
			defaultConfigurationName = Release;
		};
/* End XCConfigurationList section */
	};
	rootObject = 6F5815331CFF178700967CD4 /* Project object */;
}
